
Microsoft Visual Studio Solution File, Format Version 12.00
# Visual Studio Express 15 for Windows Desktop
VisualStudioVersion = 15.0.27004.2009
MinimumVisualStudioVersion = 10.0.40219.1
Project("{F184B08F-C81C-45F6-A57F-5ABD9991F28F}") = "SBHS3", "SBHS3\SBHS3.vbproj", "{B6F5A9EF-1C06-4041-A43A-4774F1883122}"
EndProject
Global
	GlobalSection(SolutionConfigurationPlatforms) = preSolution
		Debug|Any CPU = Debug|Any CPU
		Release|Any CPU = Release|Any CPU
	EndGlobalSection
	GlobalSection(ProjectConfigurationPlatforms) = postSolution
		{B6F5A9EF-1C06-4041-A43A-4774F1883122}.Debug|Any CPU.ActiveCfg = Debug|Any CPU
		{B6F5A9EF-1C06-4041-A43A-4774F1883122}.Debug|Any CPU.Build.0 = Debug|Any CPU
		{B6F5A9EF-1C06-4041-A43A-4774F1883122}.Release|Any CPU.ActiveCfg = Release|Any CPU
		{B6F5A9EF-1C06-4041-A43A-4774F1883122}.Release|Any CPU.Build.0 = Release|Any CPU
	EndGlobalSection
	GlobalSection(SolutionProperties) = preSolution
		HideSolutionNode = FALSE
	EndGlobalSection
	GlobalSection(ExtensibilityGlobals) = postSolution
		SolutionGuid = {6CB8992B-9BFD-4193-9E80-D42EDF85C652}
	EndGlobalSection
EndGlobal
